
Microsoft Visual Studio Solution File, Format Version 12.00
# Visual Studio Version 17
VisualStudioVersion = 17.8.34316.72
MinimumVisualStudioVersion = 10.0.40219.1
Project("{FAE04EC0-301F-11D3-BF4B-00C04F79EFBC}") = "ADO_Disconnected_Demo", "ADO_Disconnected_Demo\ADO_Disconnected_Demo.csproj", "{A41D3A42-7A63-4526-A064-3B1F03DA9507}"
EndProject
Global
	GlobalSection(SolutionConfigurationPlatforms) = preSolution
		Debug|Any CPU = Debug|Any CPU
		Release|Any CPU = Release|Any CPU
	EndGlobalSection
	GlobalSection(ProjectConfigurationPlatforms) = postSolution
		{A41D3A42-7A63-4526-A064-3B1F03DA9507}.Debug|Any CPU.ActiveCfg = Debug|Any CPU
		{A41D3A42-7A63-4526-A064-3B1F03DA9507}.Debug|Any CPU.Build.0 = Debug|Any CPU
		{A41D3A42-7A63-4526-A064-3B1F03DA9507}.Release|Any CPU.ActiveCfg = Release|Any CPU
		{A41D3A42-7A63-4526-A064-3B1F03DA9507}.Release|Any CPU.Build.0 = Release|Any CPU
	EndGlobalSection
	GlobalSection(SolutionProperties) = preSolution
		HideSolutionNode = FALSE
	EndGlobalSection
	GlobalSection(ExtensibilityGlobals) = postSolution
		SolutionGuid = {B958AE03-CD42-4A28-91AC-3977FBF49EB9}
	EndGlobalSection
EndGlobal
